
Microsoft Visual Studio Solution File, Format Version 12.00
# Visual Studio Version 17
VisualStudioVersion = 17.1.32328.378
MinimumVisualStudioVersion = 10.0.40219.1
Project("{FAE04EC0-301F-11D3-BF4B-00C04F79EFBC}") = "Samurai", "Samurai.csproj", "{C7F62B80-9CC3-46B3-BCC1-383358F0B0D7}"
EndProject
Project("{FAE04EC0-301F-11D3-BF4B-00C04F79EFBC}") = "CoolTable", "..\..\CoolTable\CoolTable\CoolTable.csproj", "{CD6C2FF1-76B1-4AFE-8FF8-AED83F99C08B}"
EndProject
Project("{FAE04EC0-301F-11D3-BF4B-00C04F79EFBC}") = "CSASS", "..\..\CsAss\CSASS\CSASS.csproj", "{BE245DA7-75E6-41AC-8E47-07D236669728}"
EndProject
Project("{9A19103F-16F7-4668-BE54-9A1E7A4F7556}") = "Mpv.NET", "..\..\..\..\..\..\__GitHub_Ext\mpv-net\Mpv.NET-lib-\src\Mpv.NET\Mpv.NET.csproj", "{66D1E4E3-23FE-409F-AF96-7134391340D6}"
EndProject
Global
	GlobalSection(SolutionConfigurationPlatforms) = preSolution
		Debug|Any CPU = Debug|Any CPU
		Release|Any CPU = Release|Any CPU
	EndGlobalSection
	GlobalSection(ProjectConfigurationPlatforms) = postSolution
		{C7F62B80-9CC3-46B3-BCC1-383358F0B0D7}.Debug|Any CPU.ActiveCfg = Debug|Any CPU
		{C7F62B80-9CC3-46B3-BCC1-383358F0B0D7}.Debug|Any CPU.Build.0 = Debug|Any CPU
		{C7F62B80-9CC3-46B3-BCC1-383358F0B0D7}.Release|Any CPU.ActiveCfg = Release|Any CPU
		{C7F62B80-9CC3-46B3-BCC1-383358F0B0D7}.Release|Any CPU.Build.0 = Release|Any CPU
		{CD6C2FF1-76B1-4AFE-8FF8-AED83F99C08B}.Debug|Any CPU.ActiveCfg = Debug|Any CPU
		{CD6C2FF1-76B1-4AFE-8FF8-AED83F99C08B}.Debug|Any CPU.Build.0 = Debug|Any CPU
		{CD6C2FF1-76B1-4AFE-8FF8-AED83F99C08B}.Release|Any CPU.ActiveCfg = Release|Any CPU
		{CD6C2FF1-76B1-4AFE-8FF8-AED83F99C08B}.Release|Any CPU.Build.0 = Release|Any CPU
		{BE245DA7-75E6-41AC-8E47-07D236669728}.Debug|Any CPU.ActiveCfg = Debug|Any CPU
		{BE245DA7-75E6-41AC-8E47-07D236669728}.Debug|Any CPU.Build.0 = Debug|Any CPU
		{BE245DA7-75E6-41AC-8E47-07D236669728}.Release|Any CPU.ActiveCfg = Release|Any CPU
		{BE245DA7-75E6-41AC-8E47-07D236669728}.Release|Any CPU.Build.0 = Release|Any CPU
		{66D1E4E3-23FE-409F-AF96-7134391340D6}.Debug|Any CPU.ActiveCfg = Debug|Any CPU
		{66D1E4E3-23FE-409F-AF96-7134391340D6}.Debug|Any CPU.Build.0 = Debug|Any CPU
		{66D1E4E3-23FE-409F-AF96-7134391340D6}.Release|Any CPU.ActiveCfg = Release|Any CPU
		{66D1E4E3-23FE-409F-AF96-7134391340D6}.Release|Any CPU.Build.0 = Release|Any CPU
	EndGlobalSection
	GlobalSection(SolutionProperties) = preSolution
		HideSolutionNode = FALSE
	EndGlobalSection
	GlobalSection(ExtensibilityGlobals) = postSolution
		SolutionGuid = {5DDC7608-AB85-4FAF-AF00-4E81B4072A3C}
	EndGlobalSection
EndGlobal
